{
  "name": "devbox-router",
  "version": "1.0.0",
  "lockfileVersion": 1,
  "requires": true,
  "dependencies": {
    "devbox-linq": {
      "version": "4.0.2",
      "resolved": "https://registry.npmjs.org/devbox-linq/-/devbox-linq-4.0.2.tgz",
      "integrity": "sha512-Cmh5GvhqF4B5m7pxFEzHaWE2oPyuYobZz0U5xL5rEJsa6Jv65N4PT7D0PYeuAPZ3dsCAGSdP/lFluhC9ME1b6Q=="
    },
    "devbox-recursive-find": {
      "version": "1.0.2",
      "resolved": "https://registry.npmjs.org/devbox-recursive-find/-/devbox-recursive-find-1.0.2.tgz",
      "integrity": "sha512-mgZ18uGOxyg1mad6ekgYS61/JCwFtrR57Eri97SHqB09lIXwfBCL+YwuAgU/WGYj+mV6XclSTWfnMg3Rk5felQ==",
      "requires": {
        "devbox-linq": "^4.0.1"
      }
    }
  }
}
